// !$*UTF8*$!
{
	archiveVersion = 1;
	classes = {
	};
	objectVersion = 46;
	objects = {

/* Begin PBXBuildFile section */
		D81372871CF713E5006DF0F6 /* SmashTwitter.framework in Frameworks */ = {isa = PBXBuildFile; fileRef = D81372831CF71303006DF0F6 /* SmashTwitter.framework */; };
		D81372891CF713EC006DF0F6 /* SmashTwitter.framework in Embed Frameworks */ = {isa = PBXBuildFile; fileRef = D81372831CF71303006DF0F6 /* SmashTwitter.framework */; settings = {ATTRIBUTES = (CodeSignOnCopy, RemoveHeadersOnCopy, ); }; };
		D887BADA1CF71717006A0211 /* TweetCell.swift in Sources */ = {isa = PBXBuildFile; fileRef = D887BAD91CF71717006A0211 /* TweetCell.swift */; };
		D8AB24FE1D004F54006469E7 /* accessToken.txt in Resources */ = {isa = PBXBuildFile; fileRef = D8AB24F91D004F54006469E7 /* accessToken.txt */; };
		D8AB24FF1D004F54006469E7 /* consumerSecret.txt in Resources */ = {isa = PBXBuildFile; fileRef = D8AB24FA1D004F54006469E7 /* consumerSecret.txt */; };
		D8AB25001D004F54006469E7 /* consumerKey.txt in Resources */ = {isa = PBXBuildFile; fileRef = D8AB24FB1D004F54006469E7 /* consumerKey.txt */; };
		D8AB25011D004F54006469E7 /* accessTokenSecret.txt in Resources */ = {isa = PBXBuildFile; fileRef = D8AB24FC1D004F54006469E7 /* accessTokenSecret.txt */; };
		D8EA31611D018BAA0040D6EF /* TweetViewController.swift in Sources */ = {isa = PBXBuildFile; fileRef = D8EA31601D018BAA0040D6EF /* TweetViewController.swift */; };
		D8FB7BBF1CF5ECD8008D3390 /* AppDelegate.swift in Sources */ = {isa = PBXBuildFile; fileRef = D8FB7BBE1CF5ECD8008D3390 /* AppDelegate.swift */; };
		D8FB7BC41CF5ECD8008D3390 /* Main.storyboard in Resources */ = {isa = PBXBuildFile; fileRef = D8FB7BC21CF5ECD8008D3390 /* Main.storyboard */; };
		D8FB7BC61CF5ECD8008D3390 /* Assets.xcassets in Resources */ = {isa = PBXBuildFile; fileRef = D8FB7BC51CF5ECD8008D3390 /* Assets.xcassets */; };
		D8FB7BC91CF5ECD8008D3390 /* LaunchScreen.storyboard in Resources */ = {isa = PBXBuildFile; fileRef = D8FB7BC71CF5ECD8008D3390 /* LaunchScreen.storyboard */; };
		D8FB7BD21CF5ED61008D3390 /* TweetTableViewController.swift in Sources */ = {isa = PBXBuildFile; fileRef = D8FB7BD11CF5ED61008D3390 /* TweetTableViewController.swift */; };
/* End PBXBuildFile section */

/* Begin PBXContainerItemProxy section */
		D81372821CF71303006DF0F6 /* PBXContainerItemProxy */ = {
			isa = PBXContainerItemProxy;
			containerPortal = D813727E1CF71303006DF0F6 /* SmashTwitter.xcodeproj */;
			proxyType = 2;
			remoteGlobalIDString = D8FB7C261CF5F2B1008D3390;
			remoteInfo = SmashTwitter;
		};
		D81372841CF71331006DF0F6 /* PBXContainerItemProxy */ = {
			isa = PBXContainerItemProxy;
			containerPortal = D813727E1CF71303006DF0F6 /* SmashTwitter.xcodeproj */;
			proxyType = 1;
			remoteGlobalIDString = D8FB7C251CF5F2B1008D3390;
			remoteInfo = SmashTwitter;
		};
		D813728A1CF713EC006DF0F6 /* PBXContainerItemProxy */ = {
			isa = PBXContainerItemProxy;
			containerPortal = D813727E1CF71303006DF0F6 /* SmashTwitter.xcodeproj */;
			proxyType = 1;
			remoteGlobalIDString = D8FB7C251CF5F2B1008D3390;
			remoteInfo = SmashTwitter;
		};
/* End PBXContainerItemProxy section */

/* Begin PBXCopyFilesBuildPhase section */
		D813727C1CF70E8F006DF0F6 /* Embed Frameworks */ = {
			isa = PBXCopyFilesBuildPhase;
			buildActionMask = 2147483647;
			dstPath = "";
			dstSubfolderSpec = 10;
			files = (
				D81372891CF713EC006DF0F6 /* SmashTwitter.framework in Embed Frameworks */,
			);
			name = "Embed Frameworks";
			runOnlyForDeploymentPostprocessing = 0;
		};
/* End PBXCopyFilesBuildPhase section */

/* Begin PBXFileReference section */
		D813727E1CF71303006DF0F6 /* SmashTwitter.xcodeproj */ = {isa = PBXFileReference; lastKnownFileType = "wrapper.pb-project"; name = SmashTwitter.xcodeproj; path = ../SmashTwitter/SmashTwitter.xcodeproj; sourceTree = "<group>"; };
		D887BAD91CF71717006A0211 /* TweetCell.swift */ = {isa = PBXFileReference; fileEncoding = 4; lastKnownFileType = sourcecode.swift; path = TweetCell.swift; sourceTree = "<group>"; };
		D8AB24F91D004F54006469E7 /* accessToken.txt */ = {isa = PBXFileReference; fileEncoding = 4; lastKnownFileType = text; path = accessToken.txt; sourceTree = "<group>"; };
		D8AB24FA1D004F54006469E7 /* consumerSecret.txt */ = {isa = PBXFileReference; fileEncoding = 4; lastKnownFileType = text; path = consumerSecret.txt; sourceTree = "<group>"; };
		D8AB24FB1D004F54006469E7 /* consumerKey.txt */ = {isa = PBXFileReference; fileEncoding = 4; lastKnownFileType = text; path = consumerKey.txt; sourceTree = "<group>"; };
		D8AB24FC1D004F54006469E7 /* accessTokenSecret.txt */ = {isa = PBXFileReference; fileEncoding = 4; lastKnownFileType = text; path = accessTokenSecret.txt; sourceTree = "<group>"; };
		D8EA31601D018BAA0040D6EF /* TweetViewController.swift */ = {isa = PBXFileReference; fileEncoding = 4; lastKnownFileType = sourcecode.swift; path = TweetViewController.swift; sourceTree = "<group>"; };
		D8FB7BBB1CF5ECD8008D3390 /* SmashClient.app */ = {isa = PBXFileReference; explicitFileType = wrapper.application; includeInIndex = 0; path = SmashClient.app; sourceTree = BUILT_PRODUCTS_DIR; };
		D8FB7BBE1CF5ECD8008D3390 /* AppDelegate.swift */ = {isa = PBXFileReference; lastKnownFileType = sourcecode.swift; path = AppDelegate.swift; sourceTree = "<group>"; };
		D8FB7BC31CF5ECD8008D3390 /* Base */ = {isa = PBXFileReference; lastKnownFileType = file.storyboard; name = Base; path = Base.lproj/Main.storyboard; sourceTree = "<group>"; };
		D8FB7BC51CF5ECD8008D3390 /* Assets.xcassets */ = {isa = PBXFileReference; lastKnownFileType = folder.assetcatalog; path = Assets.xcassets; sourceTree = "<group>"; };
		D8FB7BC81CF5ECD8008D3390 /* Base */ = {isa = PBXFileReference; lastKnownFileType = file.storyboard; name = Base; path = Base.lproj/LaunchScreen.storyboard; sourceTree = "<group>"; };
		D8FB7BCA1CF5ECD8008D3390 /* Info.plist */ = {isa = PBXFileReference; lastKnownFileType = text.plist.xml; path = Info.plist; sourceTree = "<group>"; };
		D8FB7BD11CF5ED61008D3390 /* TweetTableViewController.swift */ = {isa = PBXFileReference; fileEncoding = 4; lastKnownFileType = sourcecode.swift; path = TweetTableViewController.swift; sourceTree = "<group>"; };
/* End PBXFileReference section */

/* Begin PBXFrameworksBuildPhase section */
		D8FB7BB81CF5ECD8008D3390 /* Frameworks */ = {
			isa = PBXFrameworksBuildPhase;
			buildActionMask = 2147483647;
			files = (
				D81372871CF713E5006DF0F6 /* SmashTwitter.framework in Frameworks */,
			);
			runOnlyForDeploymentPostprocessing = 0;
		};
/* End PBXFrameworksBuildPhase section */

/* Begin PBXGroup section */
		D813727D1CF712F4006DF0F6 /* Dependencies */ = {
			isa = PBXGroup;
			children = (
				D813727E1CF71303006DF0F6 /* SmashTwitter.xcodeproj */,
			);
			name = Dependencies;
			sourceTree = "<group>";
		};
		D813727F1CF71303006DF0F6 /* Products */ = {
			isa = PBXGroup;
			children = (
				D81372831CF71303006DF0F6 /* SmashTwitter.framework */,
			);
			name = Products;
			sourceTree = "<group>";
		};
		D8AB24FD1D004F54006469E7 /* Resources */ = {
			isa = PBXGroup;
			children = (
				D8AB24F91D004F54006469E7 /* accessToken.txt */,
				D8AB24FA1D004F54006469E7 /* consumerSecret.txt */,
				D8AB24FB1D004F54006469E7 /* consumerKey.txt */,
				D8AB24FC1D004F54006469E7 /* accessTokenSecret.txt */,
			);
			name = Resources;
			path = ../SmashTwitter/SmashTwitter;
			sourceTree = "<group>";
		};
		D8FB7BB21CF5ECD8008D3390 = {
			isa = PBXGroup;
			children = (
				D8AB24FD1D004F54006469E7 /* Resources */,
				D813727D1CF712F4006DF0F6 /* Dependencies */,
				D8FB7BBD1CF5ECD8008D3390 /* Smashtag */,
				D8FB7BBC1CF5ECD8008D3390 /* Products */,
			);
			sourceTree = "<group>";
		};
		D8FB7BBC1CF5ECD8008D3390 /* Products */ = {
			isa = PBXGroup;
			children = (
				D8FB7BBB1CF5ECD8008D3390 /* SmashClient.app */,
			);
			name = Products;
			sourceTree = "<group>";
		};
		D8FB7BBD1CF5ECD8008D3390 /* Smashtag */ = {
			isa = PBXGroup;
			children = (
				D8FB7BD01CF5ED03008D3390 /* Supporting Files */,
				D8FB7BC21CF5ECD8008D3390 /* Main.storyboard */,
				D8EA31601D018BAA0040D6EF /* TweetViewController.swift */,
				D887BAD91CF71717006A0211 /* TweetCell.swift */,
				D8FB7BD11CF5ED61008D3390 /* TweetTableViewController.swift */,
			);
			path = Smashtag;
			sourceTree = "<group>";
		};
		D8FB7BD01CF5ED03008D3390 /* Supporting Files */ = {
			isa = PBXGroup;
			children = (
				D8FB7BBE1CF5ECD8008D3390 /* AppDelegate.swift */,
				D8FB7BC51CF5ECD8008D3390 /* Assets.xcassets */,
				D8FB7BC71CF5ECD8008D3390 /* LaunchScreen.storyboard */,
				D8FB7BCA1CF5ECD8008D3390 /* Info.plist */,
			);
			name = "Supporting Files";
			sourceTree = "<group>";
		};
/* End PBXGroup section */

/* Begin PBXNativeTarget section */
		D8FB7BBA1CF5ECD8008D3390 /* SmashClient */ = {
			isa = PBXNativeTarget;
			buildConfigurationList = D8FB7BCD1CF5ECD8008D3390 /* Build configuration list for PBXNativeTarget "SmashClient" */;
			buildPhases = (
				D8FB7BB71CF5ECD8008D3390 /* Sources */,
				D8FB7BB81CF5ECD8008D3390 /* Frameworks */,
				D8FB7BB91CF5ECD8008D3390 /* Resources */,
				D813727C1CF70E8F006DF0F6 /* Embed Frameworks */,
			);
			buildRules = (
			);
			dependencies = (
				D81372851CF71331006DF0F6 /* PBXTargetDependency */,
				D813728B1CF713EC006DF0F6 /* PBXTargetDependency */,
			);
			name = SmashClient;
			productName = Smashtag;
			productReference = D8FB7BBB1CF5ECD8008D3390 /* SmashClient.app */;
			productType = "com.apple.product-type.application";
		};
/* End PBXNativeTarget section */

/* Begin PBXProject section */
		D8FB7BB31CF5ECD8008D3390 /* Project object */ = {
			isa = PBXProject;
			attributes = {
				LastSwiftUpdateCheck = 0730;
				LastUpgradeCheck = 0730;
				ORGANIZATIONNAME = Esten;
				TargetAttributes = {
					D8FB7BBA1CF5ECD8008D3390 = {
						CreatedOnToolsVersion = 7.3.1;
					};
				};
			};
			buildConfigurationList = D8FB7BB61CF5ECD8008D3390 /* Build configuration list for PBXProject "SmashClient" */;
			compatibilityVersion = "Xcode 3.2";
			developmentRegion = English;
			hasScannedForEncodings = 0;
			knownRegions = (
				en,
				Base,
			);
			mainGroup = D8FB7BB21CF5ECD8008D3390;
			productRefGroup = D8FB7BBC1CF5ECD8008D3390 /* Products */;
			projectDirPath = "";
			projectReferences = (
				{
					ProductGroup = D813727F1CF71303006DF0F6 /* Products */;
					ProjectRef = D813727E1CF71303006DF0F6 /* SmashTwitter.xcodeproj */;
				},
			);
			projectRoot = "";
			targets = (
				D8FB7BBA1CF5ECD8008D3390 /* SmashClient */,
			);
		};
/* End PBXProject section */

/* Begin PBXReferenceProxy section */
		D81372831CF71303006DF0F6 /* SmashTwitter.framework */ = {
			isa = PBXReferenceProxy;
			fileType = wrapper.framework;
			path = SmashTwitter.framework;
			remoteRef = D81372821CF71303006DF0F6 /* PBXContainerItemProxy */;
			sourceTree = BUILT_PRODUCTS_DIR;
		};
/* End PBXReferenceProxy section */

/* Begin PBXResourcesBuildPhase section */
		D8FB7BB91CF5ECD8008D3390 /* Resources */ = {
			isa = PBXResourcesBuildPhase;
			buildActionMask = 2147483647;
			files = (
				D8AB24FE1D004F54006469E7 /* accessToken.txt in Resources */,
				D8AB24FF1D004F54006469E7 /* consumerSecret.txt in Resources */,
				D8FB7BC91CF5ECD8008D3390 /* LaunchScreen.storyboard in Resources */,
				D8AB25011D004F54006469E7 /* accessTokenSecret.txt in Resources */,
				D8FB7BC61CF5ECD8008D3390 /* Assets.xcassets in Resources */,
				D8AB25001D004F54006469E7 /* consumerKey.txt in Resources */,
				D8FB7BC41CF5ECD8008D3390 /* Main.storyboard in Resources */,
			);
			runOnlyForDeploymentPostprocessing = 0;
		};
/* End PBXResourcesBuildPhase section */

/* Begin PBXSourcesBuildPhase section */
		D8FB7BB71CF5ECD8008D3390 /* Sources */ = {
			isa = PBXSourcesBuildPhase;
			buildActionMask = 2147483647;
			files = (
				D8EA31611D018BAA0040D6EF /* TweetViewController.swift in Sources */,
				D887BADA1CF71717006A0211 /* TweetCell.swift in Sources */,
				D8FB7BBF1CF5ECD8008D3390 /* AppDelegate.swift in Sources */,
				D8FB7BD21CF5ED61008D3390 /* TweetTableViewController.swift in Sources */,
			);
			runOnlyForDeploymentPostprocessing = 0;
		};
/* End PBXSourcesBuildPhase section */

/* Begin PBXTargetDependency section */
		D81372851CF71331006DF0F6 /* PBXTargetDependency */ = {
			isa = PBXTargetDependency;
			name = SmashTwitter;
			targetProxy = D81372841CF71331006DF0F6 /* PBXContainerItemProxy */;
		};
		D813728B1CF713EC006DF0F6 /* PBXTargetDependency */ = {
			isa = PBXTargetDependency;
			name = SmashTwitter;
			targetProxy = D813728A1CF713EC006DF0F6 /* PBXContainerItemProxy */;
		};
/* End PBXTargetDependency section */

/* Begin PBXVariantGroup section */
		D8FB7BC21CF5ECD8008D3390 /* Main.storyboard */ = {
			isa = PBXVariantGroup;
			children = (
				D8FB7BC31CF5ECD8008D3390 /* Base */,
			);
			name = Main.storyboard;
			sourceTree = "<group>";
		};
		D8FB7BC71CF5ECD8008D3390 /* LaunchScreen.storyboard */ = {
			isa = PBXVariantGroup;
			children = (
				D8FB7BC81CF5ECD8008D3390 /* Base */,
			);
			name = LaunchScreen.storyboard;
			sourceTree = "<group>";
		};
/* End PBXVariantGroup section */

/* Begin XCBuildConfiguration section */
		D8FB7BCB1CF5ECD8008D3390 /* Debug */ = {
			isa = XCBuildConfiguration;
			buildSettings = {
				ALWAYS_SEARCH_USER_PATHS = NO;
				CLANG_ANALYZER_NONNULL = YES;
				CLANG_CXX_LANGUAGE_STANDARD = "gnu++0x";
				CLANG_CXX_LIBRARY = "libc++";
				CLANG_ENABLE_MODULES = YES;
				CLANG_ENABLE_OBJC_ARC = YES;
				CLANG_WARN_BOOL_CONVERSION = YES;
				CLANG_WARN_CONSTANT_CONVERSION = YES;
				CLANG_WARN_DIRECT_OBJC_ISA_USAGE = YES_ERROR;
				CLANG_WARN_EMPTY_BODY = YES;
				CLANG_WARN_ENUM_CONVERSION = YES;
				CLANG_WARN_INT_CONVERSION = YES;
				CLANG_WARN_OBJC_ROOT_CLASS = YES_ERROR;
				CLANG_WARN_UNREACHABLE_CODE = YES;
				CLANG_WARN__DUPLICATE_METHOD_MATCH = YES;
				"CODE_SIGN_IDENTITY[sdk=iphoneos*]" = "iPhone Developer";
				COPY_PHASE_STRIP = NO;
				DEBUG_INFORMATION_FORMAT = dwarf;
				ENABLE_STRICT_OBJC_MSGSEND = YES;
				ENABLE_TESTABILITY = YES;
				GCC_C_LANGUAGE_STANDARD = gnu99;
				GCC_DYNAMIC_NO_PIC = NO;
				GCC_NO_COMMON_BLOCKS = YES;
				GCC_OPTIMIZATION_LEVEL = 0;
				GCC_PREPROCESSOR_DEFINITIONS = (
					"DEBUG=1",
					"$(inherited)",
				);
				GCC_WARN_64_TO_32_BIT_CONVERSION = YES;
				GCC_WARN_ABOUT_RETURN_TYPE = YES_ERROR;
				GCC_WARN_UNDECLARED_SELECTOR = YES;
				GCC_WARN_UNINITIALIZED_AUTOS = YES_AGGRESSIVE;
				GCC_WARN_UNUSED_FUNCTION = YES;
				GCC_WARN_UNUSED_VARIABLE = YES;
				IPHONEOS_DEPLOYMENT_TARGET = 9.3;
				MTL_ENABLE_DEBUG_INFO = YES;
				ONLY_ACTIVE_ARCH = YES;
				SDKROOT = iphoneos;
				SWIFT_OPTIMIZATION_LEVEL = "-Onone";
			};
			name = Debug;
		};
		D8FB7BCC1CF5ECD8008D3390 /* Release */ = {
			isa = XCBuildConfiguration;
			buildSettings = {
				ALWAYS_SEARCH_USER_PATHS = NO;
				CLANG_ANALYZER_NONNULL = YES;
				CLANG_CXX_LANGUAGE_STANDARD = "gnu++0x";
				CLANG_CXX_LIBRARY = "libc++";
				CLANG_ENABLE_MODULES = YES;
				CLANG_ENABLE_OBJC_ARC = YES;
				CLANG_WARN_BOOL_CONVERSION = YES;
				CLANG_WARN_CONSTANT_CONVERSION = YES;
				CLANG_WARN_DIRECT_OBJC_ISA_USAGE = YES_ERROR;
				CLANG_WARN_EMPTY_BODY = YES;
				CLANG_WARN_ENUM_CONVERSION = YES;
				CLANG_WARN_INT_CONVERSION = YES;
				CLANG_WARN_OBJC_ROOT_CLASS = YES_ERROR;
				CLANG_WARN_UNREACHABLE_CODE = YES;
				CLANG_WARN__DUPLICATE_METHOD_MATCH = YES;
				"CODE_SIGN_IDENTITY[sdk=iphoneos*]" = "iPhone Developer";
				COPY_PHASE_STRIP = NO;
				DEBUG_INFORMATION_FORMAT = "dwarf-with-dsym";
				ENABLE_NS_ASSERTIONS = NO;
				ENABLE_STRICT_OBJC_MSGSEND = YES;
				GCC_C_LANGUAGE_STANDARD = gnu99;
				GCC_NO_COMMON_BLOCKS = YES;
				GCC_WARN_64_TO_32_BIT_CONVERSION = YES;
				GCC_WARN_ABOUT_RETURN_TYPE = YES_ERROR;
				GCC_WARN_UNDECLARED_SELECTOR = YES;
				GCC_WARN_UNINITIALIZED_AUTOS = YES_AGGRESSIVE;
				GCC_WARN_UNUSED_FUNCTION = YES;
				GCC_WARN_UNUSED_VARIABLE = YES;
				IPHONEOS_DEPLOYMENT_TARGET = 9.3;
				MTL_ENABLE_DEBUG_INFO = NO;
				SDKROOT = iphoneos;
				VALIDATE_PRODUCT = YES;
			};
			name = Release;
		};
		D8FB7BCE1CF5ECD8008D3390 /* Debug */ = {
			isa = XCBuildConfiguration;
			buildSettings = {
				ASSETCATALOG_COMPILER_APPICON_NAME = AppIcon;
				CLANG_ALLOW_NON_MODULAR_INCLUDES_IN_FRAMEWORK_MODULES = NO;
				EMBEDDED_CONTENT_CONTAINS_SWIFT = YES;
				INFOPLIST_FILE = Smashtag/Info.plist;
				LD_RUNPATH_SEARCH_PATHS = "$(inherited) @executable_path/Frameworks";
				PRODUCT_BUNDLE_IDENTIFIER = com.snapsale.Smashtag;
				PRODUCT_NAME = SmashClient;
			};
			name = Debug;
		};
		D8FB7BCF1CF5ECD8008D3390 /* Release */ = {
			isa = XCBuildConfiguration;
			buildSettings = {
				ASSETCATALOG_COMPILER_APPICON_NAME = AppIcon;
				CLANG_ALLOW_NON_MODULAR_INCLUDES_IN_FRAMEWORK_MODULES = NO;
				EMBEDDED_CONTENT_CONTAINS_SWIFT = YES;
				INFOPLIST_FILE = Smashtag/Info.plist;
				LD_RUNPATH_SEARCH_PATHS = "$(inherited) @executable_path/Frameworks";
				PRODUCT_BUNDLE_IDENTIFIER = com.snapsale.Smashtag;
				PRODUCT_NAME = SmashClient;
			};
			name = Release;
		};
/* End XCBuildConfiguration section */

/* Begin XCConfigurationList section */
		D8FB7BB61CF5ECD8008D3390 /* Build configuration list for PBXProject "SmashClient" */ = {
			isa = XCConfigurationList;
			buildConfigurations = (
				D8FB7BCB1CF5ECD8008D3390 /* Debug */,
				D8FB7BCC1CF5ECD8008D3390 /* Release */,
			);
			defaultConfigurationIsVisible = 0;
			defaultConfigurationName = Release;
		};
		D8FB7BCD1CF5ECD8008D3390 /* Build configuration list for PBXNativeTarget "SmashClient" */ = {
			isa = XCConfigurationList;
			buildConfigurations = (
				D8FB7BCE1CF5ECD8008D3390 /* Debug */,
				D8FB7BCF1CF5ECD8008D3390 /* Release */,
			);
			defaultConfigurationIsVisible = 0;
			defaultConfigurationName = Release;
		};
/* End XCConfigurationList section */
	};
	rootObject = D8FB7BB31CF5ECD8008D3390 /* Project object */;
}
